{
  "version": 4,
  "terraform_version": "1.11.3",
  "serial": 71,
  "lineage": "d4209a5b-510f-2946-d75e-3c813b826cf8",
  "outputs": {
    "load_balancer_public_ip": {
      "value": "13.94.184.30",
      "type": "string"
    },
    "resource_group": {
      "value": "ai-search-rg",
      "type": "string"
    },
    "vm1_name": {
      "value": "web-vm-1",
      "type": "string"
    },
    "vm2_name": {
      "value": "web-vm-2",
      "type": "string"
    }
  },
  "resources": [
    {
      "mode": "managed",
      "type": "azurerm_lb",
      "name": "main",
      "provider": "provider[\"registry.terraform.io/hashicorp/azurerm\"]",
      "instances": [
        {
          "schema_version": 0,
          "attributes": {
            "edge_zone": "",
            "frontend_ip_configuration": [
              {
                "gateway_load_balancer_frontend_ip_configuration_id": "",
                "id": "/subscriptions/920641be-9518-4c9d-a350-af078444cea3/resourceGroups/ai-search-rg/providers/Microsoft.Network/loadBalancers/web-lb/frontendIPConfigurations/PublicIPAddress",
                "inbound_nat_rules": [],
                "load_balancer_rules": [],
                "name": "PublicIPAddress",
                "outbound_rules": [],
                "private_ip_address": "",
                "private_ip_address_allocation": "Dynamic",
                "private_ip_address_version": "",
                "public_ip_address_id": "/subscriptions/920641be-9518-4c9d-a350-af078444cea3/resourceGroups/ai-search-rg/providers/Microsoft.Network/publicIPAddresses/lb-public-ip",
                "public_ip_prefix_id": "",
                "subnet_id": "",
                "zones": null
              }
            ],
            "id": "/subscriptions/920641be-9518-4c9d-a350-af078444cea3/resourceGroups/ai-search-rg/providers/Microsoft.Network/loadBalancers/web-lb",
            "location": "westeurope",
            "name": "web-lb",
            "private_ip_address": "",
            "private_ip_addresses": [],
            "resource_group_name": "ai-search-rg",
            "sku": "Standard",
            "sku_tier": "Regional",
            "tags": null,
            "timeouts": null
          },
          "sensitive_attributes": [],
          "private": "eyJlMmJmYjczMC1lY2FhLTExZTYtOGY4OC0zNDM2M2JjN2M0YzAiOnsiY3JlYXRlIjoxODAwMDAwMDAwMDAwLCJkZWxldGUiOjE4MDAwMDAwMDAwMDAsInJlYWQiOjMwMDAwMDAwMDAwMCwidXBkYXRlIjoxODAwMDAwMDAwMDAwfX0=",
          "dependencies": [
            "azurerm_public_ip.lb_ip",
            "azurerm_resource_group.main"
          ]
        }
      ]
    },
    {
      "mode": "managed",
      "type": "azurerm_lb_backend_address_pool",
      "name": "pool",
      "provider": "provider[\"registry.terraform.io/hashicorp/azurerm\"]",
      "instances": [
        {
          "schema_version": 0,
          "attributes": {
            "backend_ip_configurations": [],
            "id": "/subscriptions/920641be-9518-4c9d-a350-af078444cea3/resourceGroups/ai-search-rg/providers/Microsoft.Network/loadBalancers/web-lb/backendAddressPools/backend-pool",
            "inbound_nat_rules": [],
            "load_balancing_rules": [],
            "loadbalancer_id": "/subscriptions/920641be-9518-4c9d-a350-af078444cea3/resourceGroups/ai-search-rg/providers/Microsoft.Network/loadBalancers/web-lb",
            "name": "backend-pool",
            "outbound_rules": [],
            "synchronous_mode": "",
            "timeouts": null,
            "tunnel_interface": [],
            "virtual_network_id": ""
          },
          "sensitive_attributes": [],
          "private": "eyJlMmJmYjczMC1lY2FhLTExZTYtOGY4OC0zNDM2M2JjN2M0YzAiOnsiY3JlYXRlIjoxODAwMDAwMDAwMDAwLCJkZWxldGUiOjE4MDAwMDAwMDAwMDAsInJlYWQiOjMwMDAwMDAwMDAwMCwidXBkYXRlIjoxODAwMDAwMDAwMDAwfX0=",
          "dependencies": [
            "azurerm_lb.main",
            "azurerm_public_ip.lb_ip",
            "azurerm_resource_group.main"
          ]
        }
      ]
    },
    {
      "mode": "managed",
      "type": "azurerm_lb_probe",
      "name": "http",
      "provider": "provider[\"registry.terraform.io/hashicorp/azurerm\"]",
      "instances": [
        {
          "schema_version": 0,
          "attributes": {
            "id": "/subscriptions/920641be-9518-4c9d-a350-af078444cea3/resourceGroups/ai-search-rg/providers/Microsoft.Network/loadBalancers/web-lb/probes/http-probe",
            "interval_in_seconds": 5,
            "load_balancer_rules": [],
            "loadbalancer_id": "/subscriptions/920641be-9518-4c9d-a350-af078444cea3/resourceGroups/ai-search-rg/providers/Microsoft.Network/loadBalancers/web-lb",
            "name": "http-probe",
            "number_of_probes": 2,
            "port": 80,
            "probe_threshold": 1,
            "protocol": "Http",
            "request_path": "/",
            "timeouts": null
          },
          "sensitive_attributes": [],
          "private": "eyJlMmJmYjczMC1lY2FhLTExZTYtOGY4OC0zNDM2M2JjN2M0YzAiOnsiY3JlYXRlIjoxODAwMDAwMDAwMDAwLCJkZWxldGUiOjE4MDAwMDAwMDAwMDAsInJlYWQiOjMwMDAwMDAwMDAwMCwidXBkYXRlIjoxODAwMDAwMDAwMDAwfX0=",
          "dependencies": [
            "azurerm_lb.main",
            "azurerm_public_ip.lb_ip",
            "azurerm_resource_group.main"
          ]
        }
      ]
    },
    {
      "mode": "managed",
      "type": "azurerm_lb_rule",
      "name": "http",
      "provider": "provider[\"registry.terraform.io/hashicorp/azurerm\"]",
      "instances": [
        {
          "schema_version": 0,
          "attributes": {
            "backend_address_pool_ids": [
              "/subscriptions/920641be-9518-4c9d-a350-af078444cea3/resourceGroups/ai-search-rg/providers/Microsoft.Network/loadBalancers/web-lb/backendAddressPools/backend-pool"
            ],
            "backend_port": 80,
            "disable_outbound_snat": false,
            "enable_floating_ip": false,
            "enable_tcp_reset": false,
            "frontend_ip_configuration_id": "/subscriptions/920641be-9518-4c9d-a350-af078444cea3/resourceGroups/ai-search-rg/providers/Microsoft.Network/loadBalancers/web-lb/frontendIPConfigurations/PublicIPAddress",
            "frontend_ip_configuration_name": "PublicIPAddress",
            "frontend_port": 80,
            "id": "/subscriptions/920641be-9518-4c9d-a350-af078444cea3/resourceGroups/ai-search-rg/providers/Microsoft.Network/loadBalancers/web-lb/loadBalancingRules/http-rule",
            "idle_timeout_in_minutes": 4,
            "load_distribution": "Default",
            "loadbalancer_id": "/subscriptions/920641be-9518-4c9d-a350-af078444cea3/resourceGroups/ai-search-rg/providers/Microsoft.Network/loadBalancers/web-lb",
            "name": "http-rule",
            "probe_id": "/subscriptions/920641be-9518-4c9d-a350-af078444cea3/resourceGroups/ai-search-rg/providers/Microsoft.Network/loadBalancers/web-lb/probes/http-probe",
            "protocol": "Tcp",
            "timeouts": null
          },
          "sensitive_attributes": [],
          "private": "eyJlMmJmYjczMC1lY2FhLTExZTYtOGY4OC0zNDM2M2JjN2M0YzAiOnsiY3JlYXRlIjoxODAwMDAwMDAwMDAwLCJkZWxldGUiOjE4MDAwMDAwMDAwMDAsInJlYWQiOjMwMDAwMDAwMDAwMCwidXBkYXRlIjoxODAwMDAwMDAwMDAwfX0=",
          "dependencies": [
            "azurerm_lb.main",
            "azurerm_lb_backend_address_pool.pool",
            "azurerm_lb_probe.http",
            "azurerm_public_ip.lb_ip",
            "azurerm_resource_group.main"
          ]
        }
      ]
    },
    {
      "mode": "managed",
      "type": "azurerm_linux_virtual_machine",
      "name": "vm1",
      "provider": "provider[\"registry.terraform.io/hashicorp/azurerm\"]",
      "instances": [
        {
          "schema_version": 0,
          "attributes": {
            "additional_capabilities": [],
            "admin_password": null,
            "admin_ssh_key": [
              {
                "public_key": "ssh-rsa AAAAB3NzaC1yc2EAAAADAQABAAACAQDhvuCVLfcpUqgWlcE/6klHJ5TG/4sHS9DjJ+9/fiadkwq/dZ9CLKr9o+kODi7u7S+7PlO8+EgCxtqtF5ZSz3KTk2x2hho4V9hFZUUt7XL1GpPkPrV9xAA7myOpMy4pCnGkn2YKCe3Nx5L9XRrU3/8PIS0yb4mMx3VgcR+lDh4ucPqIiDjmtPTbdnulDgahGeej+f4SO3Hv5QBsn0GJG+R3rv8Z9A4eF8UfMLawvCIFQOF0phU0OP4izMVLkicOpp3AERejdHoZ+FNdrWoQ1btE+ZaL4lWfnLpvA2uHUy1GvBnh96p1fYbg2rlVxK21cqlRePRRq1MERymMSpXkbc8OOLK44zfZNQ5/A5A5aHG9CBJ33KF41ZMxBCU7Y8gKnfSxTcnUaK38g5ZE11i+JcRIzig5WGnFq7hz18b98/kpueaWqfuKV/3QuOhfs9AQx7Zf3Jp+NOddbODxq5VphoEurymIezxhlXWkT9n4SuVBVcbfLTkytx9txYGf/iywGUvy9W4XWJ8b3uQ+Fkf4WPNiRH8NrLhm1Xpc2c/g92Dimg0/hvHbBrgeu/q8S4rZ5gjuuVCZ6+jxmd0dHA150e3B70S9pGRrC4xHI8QJkWnIYCrL0sJOAtAG2/c5Swq+WaeGY5hjTW0KxgcEqvc8TOiaosRJ3nB95SeuBlnohMtztQ== user@DESKTOP-DAAMLSP\n",
                "username": "azureuser"
              }
            ],
            "admin_username": "azureuser",
            "allow_extension_operations": true,
            "availability_set_id": "",
            "boot_diagnostics": [],
            "bypass_platform_safety_checks_on_user_schedule_enabled": false,
            "capacity_reservation_group_id": "",
            "computer_name": "web-vm-1",
            "custom_data": null,
            "dedicated_host_group_id": "",
            "dedicated_host_id": "",
            "disable_password_authentication": true,
            "disk_controller_type": "",
            "edge_zone": "",
            "encryption_at_host_enabled": false,
            "eviction_policy": "",
            "extensions_time_budget": "PT1H30M",
            "gallery_application": [],
            "id": "/subscriptions/920641be-9518-4c9d-a350-af078444cea3/resourceGroups/ai-search-rg/providers/Microsoft.Compute/virtualMachines/web-vm-1",
            "identity": [],
            "license_type": "",
            "location": "westeurope",
            "max_bid_price": -1,
            "name": "web-vm-1",
            "network_interface_ids": [
              "/subscriptions/920641be-9518-4c9d-a350-af078444cea3/resourceGroups/ai-search-rg/providers/Microsoft.Network/networkInterfaces/nic-1"
            ],
            "os_disk": [
              {
                "caching": "ReadWrite",
                "diff_disk_settings": [],
                "disk_encryption_set_id": "",
                "disk_size_gb": 30,
                "id": "/subscriptions/920641be-9518-4c9d-a350-af078444cea3/resourceGroups/ai-search-rg/providers/Microsoft.Compute/disks/web-vm-1_disk1_48839e5dd8d0475f923ecdb8acaaee61",
                "name": "web-vm-1_disk1_48839e5dd8d0475f923ecdb8acaaee61",
                "secure_vm_disk_encryption_set_id": "",
                "security_encryption_type": "",
                "storage_account_type": "Standard_LRS",
                "write_accelerator_enabled": false
              }
            ],
            "os_image_notification": [],
            "patch_assessment_mode": "ImageDefault",
            "patch_mode": "ImageDefault",
            "plan": [],
            "platform_fault_domain": -1,
            "priority": "Regular",
            "private_ip_address": "10.0.1.4",
            "private_ip_addresses": [
              "10.0.1.4"
            ],
            "provision_vm_agent": true,
            "proximity_placement_group_id": "",
            "public_ip_address": "",
            "public_ip_addresses": [],
            "reboot_setting": "",
            "resource_group_name": "ai-search-rg",
            "secret": [],
            "secure_boot_enabled": false,
            "size": "Standard_B1s",
            "source_image_id": "",
            "source_image_reference": [
              {
                "offer": "0001-com-ubuntu-server-focal",
                "publisher": "Canonical",
                "sku": "20_04-lts",
                "version": "latest"
              }
            ],
            "tags": null,
            "termination_notification": null,
            "timeouts": null,
            "user_data": "",
            "virtual_machine_id": "8597daf9-cb9e-41fb-8b5f-88c0f0854064",
            "virtual_machine_scale_set_id": "",
            "vm_agent_platform_updates_enabled": false,
            "vtpm_enabled": false,
            "zone": ""
          },
          "sensitive_attributes": [
            [
              {
                "type": "get_attr",
                "value": "custom_data"
              }
            ],
            [
              {
                "type": "get_attr",
                "value": "admin_password"
              }
            ]
          ],
          "private": "eyJlMmJmYjczMC1lY2FhLTExZTYtOGY4OC0zNDM2M2JjN2M0YzAiOnsiY3JlYXRlIjoyNzAwMDAwMDAwMDAwLCJkZWxldGUiOjI3MDAwMDAwMDAwMDAsInJlYWQiOjMwMDAwMDAwMDAwMCwidXBkYXRlIjoyNzAwMDAwMDAwMDAwfX0=",
          "dependencies": [
            "azurerm_network_interface.nic1",
            "azurerm_resource_group.main",
            "azurerm_subnet.main",
            "azurerm_virtual_network.main"
          ]
        }
      ]
    },
    {
      "mode": "managed",
      "type": "azurerm_linux_virtual_machine",
      "name": "vm2",
      "provider": "provider[\"registry.terraform.io/hashicorp/azurerm\"]",
      "instances": [
        {
          "schema_version": 0,
          "attributes": {
            "additional_capabilities": [],
            "admin_password": null,
            "admin_ssh_key": [
              {
                "public_key": "ssh-rsa AAAAB3NzaC1yc2EAAAADAQABAAACAQDhvuCVLfcpUqgWlcE/6klHJ5TG/4sHS9DjJ+9/fiadkwq/dZ9CLKr9o+kODi7u7S+7PlO8+EgCxtqtF5ZSz3KTk2x2hho4V9hFZUUt7XL1GpPkPrV9xAA7myOpMy4pCnGkn2YKCe3Nx5L9XRrU3/8PIS0yb4mMx3VgcR+lDh4ucPqIiDjmtPTbdnulDgahGeej+f4SO3Hv5QBsn0GJG+R3rv8Z9A4eF8UfMLawvCIFQOF0phU0OP4izMVLkicOpp3AERejdHoZ+FNdrWoQ1btE+ZaL4lWfnLpvA2uHUy1GvBnh96p1fYbg2rlVxK21cqlRePRRq1MERymMSpXkbc8OOLK44zfZNQ5/A5A5aHG9CBJ33KF41ZMxBCU7Y8gKnfSxTcnUaK38g5ZE11i+JcRIzig5WGnFq7hz18b98/kpueaWqfuKV/3QuOhfs9AQx7Zf3Jp+NOddbODxq5VphoEurymIezxhlXWkT9n4SuVBVcbfLTkytx9txYGf/iywGUvy9W4XWJ8b3uQ+Fkf4WPNiRH8NrLhm1Xpc2c/g92Dimg0/hvHbBrgeu/q8S4rZ5gjuuVCZ6+jxmd0dHA150e3B70S9pGRrC4xHI8QJkWnIYCrL0sJOAtAG2/c5Swq+WaeGY5hjTW0KxgcEqvc8TOiaosRJ3nB95SeuBlnohMtztQ== user@DESKTOP-DAAMLSP\n",
                "username": "azureuser"
              }
            ],
            "admin_username": "azureuser",
            "allow_extension_operations": true,
            "availability_set_id": "",
            "boot_diagnostics": [],
            "bypass_platform_safety_checks_on_user_schedule_enabled": false,
            "capacity_reservation_group_id": "",
            "computer_name": "web-vm-2",
            "custom_data": null,
            "dedicated_host_group_id": "",
            "dedicated_host_id": "",
            "disable_password_authentication": true,
            "disk_controller_type": "",
            "edge_zone": "",
            "encryption_at_host_enabled": false,
            "eviction_policy": "",
            "extensions_time_budget": "PT1H30M",
            "gallery_application": [],
            "id": "/subscriptions/920641be-9518-4c9d-a350-af078444cea3/resourceGroups/ai-search-rg/providers/Microsoft.Compute/virtualMachines/web-vm-2",
            "identity": [],
            "license_type": "",
            "location": "westeurope",
            "max_bid_price": -1,
            "name": "web-vm-2",
            "network_interface_ids": [
              "/subscriptions/920641be-9518-4c9d-a350-af078444cea3/resourceGroups/ai-search-rg/providers/Microsoft.Network/networkInterfaces/nic-2"
            ],
            "os_disk": [
              {
                "caching": "ReadWrite",
                "diff_disk_settings": [],
                "disk_encryption_set_id": "",
                "disk_size_gb": 30,
                "id": "/subscriptions/920641be-9518-4c9d-a350-af078444cea3/resourceGroups/ai-search-rg/providers/Microsoft.Compute/disks/web-vm-2_disk1_202f6313d28f4eb2abb49d37e3bee001",
                "name": "web-vm-2_disk1_202f6313d28f4eb2abb49d37e3bee001",
                "secure_vm_disk_encryption_set_id": "",
                "security_encryption_type": "",
                "storage_account_type": "Standard_LRS",
                "write_accelerator_enabled": false
              }
            ],
            "os_image_notification": [],
            "patch_assessment_mode": "ImageDefault",
            "patch_mode": "ImageDefault",
            "plan": [],
            "platform_fault_domain": -1,
            "priority": "Regular",
            "private_ip_address": "10.0.1.5",
            "private_ip_addresses": [
              "10.0.1.5"
            ],
            "provision_vm_agent": true,
            "proximity_placement_group_id": "",
            "public_ip_address": "",
            "public_ip_addresses": [],
            "reboot_setting": "",
            "resource_group_name": "ai-search-rg",
            "secret": [],
            "secure_boot_enabled": false,
            "size": "Standard_B1s",
            "source_image_id": "",
            "source_image_reference": [
              {
                "offer": "0001-com-ubuntu-server-focal",
                "publisher": "Canonical",
                "sku": "20_04-lts",
                "version": "latest"
              }
            ],
            "tags": null,
            "termination_notification": null,
            "timeouts": null,
            "user_data": "",
            "virtual_machine_id": "5a249eb0-1590-4b62-984c-1251e7499a58",
            "virtual_machine_scale_set_id": "",
            "vm_agent_platform_updates_enabled": false,
            "vtpm_enabled": false,
            "zone": ""
          },
          "sensitive_attributes": [
            [
              {
                "type": "get_attr",
                "value": "admin_password"
              }
            ],
            [
              {
                "type": "get_attr",
                "value": "custom_data"
              }
            ]
          ],
          "private": "eyJlMmJmYjczMC1lY2FhLTExZTYtOGY4OC0zNDM2M2JjN2M0YzAiOnsiY3JlYXRlIjoyNzAwMDAwMDAwMDAwLCJkZWxldGUiOjI3MDAwMDAwMDAwMDAsInJlYWQiOjMwMDAwMDAwMDAwMCwidXBkYXRlIjoyNzAwMDAwMDAwMDAwfX0=",
          "dependencies": [
            "azurerm_network_interface.nic2",
            "azurerm_resource_group.main",
            "azurerm_subnet.main",
            "azurerm_virtual_network.main"
          ]
        }
      ]
    },
    {
      "mode": "managed",
      "type": "azurerm_network_interface",
      "name": "nic1",
      "provider": "provider[\"registry.terraform.io/hashicorp/azurerm\"]",
      "instances": [
        {
          "schema_version": 0,
          "attributes": {
            "accelerated_networking_enabled": false,
            "applied_dns_servers": [],
            "auxiliary_mode": "",
            "auxiliary_sku": "",
            "dns_servers": null,
            "edge_zone": "",
            "id": "/subscriptions/920641be-9518-4c9d-a350-af078444cea3/resourceGroups/ai-search-rg/providers/Microsoft.Network/networkInterfaces/nic-1",
            "internal_dns_name_label": "",
            "internal_domain_name_suffix": "hl2fwbd1zzwefctzbvk0f5bwtb.ax.internal.cloudapp.net",
            "ip_configuration": [
              {
                "gateway_load_balancer_frontend_ip_configuration_id": "",
                "name": "internal",
                "primary": true,
                "private_ip_address": "10.0.1.4",
                "private_ip_address_allocation": "Dynamic",
                "private_ip_address_version": "IPv4",
                "public_ip_address_id": "",
                "subnet_id": "/subscriptions/920641be-9518-4c9d-a350-af078444cea3/resourceGroups/ai-search-rg/providers/Microsoft.Network/virtualNetworks/vnet-main/subnets/subnet-main"
              }
            ],
            "ip_forwarding_enabled": false,
            "location": "westeurope",
            "mac_address": "",
            "name": "nic-1",
            "private_ip_address": "10.0.1.4",
            "private_ip_addresses": [
              "10.0.1.4"
            ],
            "resource_group_name": "ai-search-rg",
            "tags": null,
            "timeouts": null,
            "virtual_machine_id": ""
          },
          "sensitive_attributes": [],
          "private": "eyJlMmJmYjczMC1lY2FhLTExZTYtOGY4OC0zNDM2M2JjN2M0YzAiOnsiY3JlYXRlIjoxODAwMDAwMDAwMDAwLCJkZWxldGUiOjE4MDAwMDAwMDAwMDAsInJlYWQiOjMwMDAwMDAwMDAwMCwidXBkYXRlIjoxODAwMDAwMDAwMDAwfX0=",
          "dependencies": [
            "azurerm_resource_group.main",
            "azurerm_subnet.main",
            "azurerm_virtual_network.main"
          ]
        }
      ]
    },
    {
      "mode": "managed",
      "type": "azurerm_network_interface",
      "name": "nic2",
      "provider": "provider[\"registry.terraform.io/hashicorp/azurerm\"]",
      "instances": [
        {
          "schema_version": 0,
          "attributes": {
            "accelerated_networking_enabled": false,
            "applied_dns_servers": [],
            "auxiliary_mode": "",
            "auxiliary_sku": "",
            "dns_servers": null,
            "edge_zone": "",
            "id": "/subscriptions/920641be-9518-4c9d-a350-af078444cea3/resourceGroups/ai-search-rg/providers/Microsoft.Network/networkInterfaces/nic-2",
            "internal_dns_name_label": "",
            "internal_domain_name_suffix": "hl2fwbd1zzwefctzbvk0f5bwtb.ax.internal.cloudapp.net",
            "ip_configuration": [
              {
                "gateway_load_balancer_frontend_ip_configuration_id": "",
                "name": "internal",
                "primary": true,
                "private_ip_address": "10.0.1.5",
                "private_ip_address_allocation": "Dynamic",
                "private_ip_address_version": "IPv4",
                "public_ip_address_id": "",
                "subnet_id": "/subscriptions/920641be-9518-4c9d-a350-af078444cea3/resourceGroups/ai-search-rg/providers/Microsoft.Network/virtualNetworks/vnet-main/subnets/subnet-main"
              }
            ],
            "ip_forwarding_enabled": false,
            "location": "westeurope",
            "mac_address": "",
            "name": "nic-2",
            "private_ip_address": "10.0.1.5",
            "private_ip_addresses": [
              "10.0.1.5"
            ],
            "resource_group_name": "ai-search-rg",
            "tags": null,
            "timeouts": null,
            "virtual_machine_id": ""
          },
          "sensitive_attributes": [],
          "private": "eyJlMmJmYjczMC1lY2FhLTExZTYtOGY4OC0zNDM2M2JjN2M0YzAiOnsiY3JlYXRlIjoxODAwMDAwMDAwMDAwLCJkZWxldGUiOjE4MDAwMDAwMDAwMDAsInJlYWQiOjMwMDAwMDAwMDAwMCwidXBkYXRlIjoxODAwMDAwMDAwMDAwfX0=",
          "dependencies": [
            "azurerm_resource_group.main",
            "azurerm_subnet.main",
            "azurerm_virtual_network.main"
          ]
        }
      ]
    },
    {
      "mode": "managed",
      "type": "azurerm_network_interface_backend_address_pool_association",
      "name": "nic2_assoc",
      "provider": "provider[\"registry.terraform.io/hashicorp/azurerm\"]",
      "instances": [
        {
          "schema_version": 0,
          "attributes": {
            "backend_address_pool_id": "/subscriptions/920641be-9518-4c9d-a350-af078444cea3/resourceGroups/ai-search-rg/providers/Microsoft.Network/loadBalancers/web-lb/backendAddressPools/backend-pool",
            "id": "/subscriptions/920641be-9518-4c9d-a350-af078444cea3/resourceGroups/ai-search-rg/providers/Microsoft.Network/networkInterfaces/nic-2/ipConfigurations/internal|/subscriptions/920641be-9518-4c9d-a350-af078444cea3/resourceGroups/ai-search-rg/providers/Microsoft.Network/loadBalancers/web-lb/backendAddressPools/backend-pool",
            "ip_configuration_name": "internal",
            "network_interface_id": "/subscriptions/920641be-9518-4c9d-a350-af078444cea3/resourceGroups/ai-search-rg/providers/Microsoft.Network/networkInterfaces/nic-2",
            "timeouts": null
          },
          "sensitive_attributes": [],
          "private": "eyJlMmJmYjczMC1lY2FhLTExZTYtOGY4OC0zNDM2M2JjN2M0YzAiOnsiY3JlYXRlIjoxODAwMDAwMDAwMDAwLCJkZWxldGUiOjE4MDAwMDAwMDAwMDAsInJlYWQiOjMwMDAwMDAwMDAwMH19",
          "dependencies": [
            "azurerm_lb.main",
            "azurerm_lb_backend_address_pool.pool",
            "azurerm_network_interface.nic2",
            "azurerm_public_ip.lb_ip",
            "azurerm_resource_group.main",
            "azurerm_subnet.main",
            "azurerm_virtual_network.main"
          ]
        }
      ]
    },
    {
      "mode": "managed",
      "type": "azurerm_network_security_group",
      "name": "web_nsg",
      "provider": "provider[\"registry.terraform.io/hashicorp/azurerm\"]",
      "instances": [
        {
          "schema_version": 0,
          "attributes": {
            "id": "/subscriptions/920641be-9518-4c9d-a350-af078444cea3/resourceGroups/ai-search-rg/providers/Microsoft.Network/networkSecurityGroups/web-nsg",
            "location": "westeurope",
            "name": "web-nsg",
            "resource_group_name": "ai-search-rg",
            "security_rule": [
              {
                "access": "Allow",
                "description": "",
                "destination_address_prefix": "*",
                "destination_address_prefixes": [],
                "destination_application_security_group_ids": [],
                "destination_port_range": "22",
                "destination_port_ranges": [],
                "direction": "Inbound",
                "name": "AllowSSH",
                "priority": 110,
                "protocol": "Tcp",
                "source_address_prefix": "*",
                "source_address_prefixes": [],
                "source_application_security_group_ids": [],
                "source_port_range": "*",
                "source_port_ranges": []
              },
              {
                "access": "Allow",
                "description": "",
                "destination_address_prefix": "*",
                "destination_address_prefixes": [],
                "destination_application_security_group_ids": [],
                "destination_port_range": "80",
                "destination_port_ranges": [],
                "direction": "Inbound",
                "name": "AllowHTTP",
                "priority": 100,
                "protocol": "Tcp",
                "source_address_prefix": "*",
                "source_address_prefixes": [],
                "source_application_security_group_ids": [],
                "source_port_range": "*",
                "source_port_ranges": []
              }
            ],
            "tags": null,
            "timeouts": null
          },
          "sensitive_attributes": [],
          "private": "eyJlMmJmYjczMC1lY2FhLTExZTYtOGY4OC0zNDM2M2JjN2M0YzAiOnsiY3JlYXRlIjoxODAwMDAwMDAwMDAwLCJkZWxldGUiOjE4MDAwMDAwMDAwMDAsInJlYWQiOjMwMDAwMDAwMDAwMCwidXBkYXRlIjoxODAwMDAwMDAwMDAwfX0=",
          "dependencies": [
            "azurerm_resource_group.main"
          ]
        }
      ]
    },
    {
      "mode": "managed",
      "type": "azurerm_public_ip",
      "name": "lb_ip",
      "provider": "provider[\"registry.terraform.io/hashicorp/azurerm\"]",
      "instances": [
        {
          "schema_version": 0,
          "attributes": {
            "allocation_method": "Static",
            "ddos_protection_mode": "VirtualNetworkInherited",
            "ddos_protection_plan_id": null,
            "domain_name_label": null,
            "domain_name_label_scope": null,
            "edge_zone": "",
            "fqdn": null,
            "id": "/subscriptions/920641be-9518-4c9d-a350-af078444cea3/resourceGroups/ai-search-rg/providers/Microsoft.Network/publicIPAddresses/lb-public-ip",
            "idle_timeout_in_minutes": 4,
            "ip_address": "13.94.184.30",
            "ip_tags": null,
            "ip_version": "IPv4",
            "location": "westeurope",
            "name": "lb-public-ip",
            "public_ip_prefix_id": null,
            "resource_group_name": "ai-search-rg",
            "reverse_fqdn": null,
            "sku": "Standard",
            "sku_tier": "Regional",
            "tags": null,
            "timeouts": null,
            "zones": null
          },
          "sensitive_attributes": [],
          "private": "eyJlMmJmYjczMC1lY2FhLTExZTYtOGY4OC0zNDM2M2JjN2M0YzAiOnsiY3JlYXRlIjoxODAwMDAwMDAwMDAwLCJkZWxldGUiOjE4MDAwMDAwMDAwMDAsInJlYWQiOjMwMDAwMDAwMDAwMCwidXBkYXRlIjoxODAwMDAwMDAwMDAwfX0=",
          "dependencies": [
            "azurerm_resource_group.main"
          ]
        }
      ]
    },
    {
      "mode": "managed",
      "type": "azurerm_resource_group",
      "name": "main",
      "provider": "provider[\"registry.terraform.io/hashicorp/azurerm\"]",
      "instances": [
        {
          "schema_version": 0,
          "attributes": {
            "id": "/subscriptions/920641be-9518-4c9d-a350-af078444cea3/resourceGroups/ai-search-rg",
            "location": "westeurope",
            "managed_by": "",
            "name": "ai-search-rg",
            "tags": {},
            "timeouts": null
          },
          "sensitive_attributes": [],
          "private": "eyJlMmJmYjczMC1lY2FhLTExZTYtOGY4OC0zNDM2M2JjN2M0YzAiOnsiY3JlYXRlIjo1NDAwMDAwMDAwMDAwLCJkZWxldGUiOjU0MDAwMDAwMDAwMDAsInJlYWQiOjMwMDAwMDAwMDAwMCwidXBkYXRlIjo1NDAwMDAwMDAwMDAwfX0="
        }
      ]
    },
    {
      "mode": "managed",
      "type": "azurerm_subnet",
      "name": "main",
      "provider": "provider[\"registry.terraform.io/hashicorp/azurerm\"]",
      "instances": [
        {
          "schema_version": 0,
          "attributes": {
            "address_prefixes": [
              "10.0.1.0/24"
            ],
            "default_outbound_access_enabled": true,
            "delegation": [],
            "id": "/subscriptions/920641be-9518-4c9d-a350-af078444cea3/resourceGroups/ai-search-rg/providers/Microsoft.Network/virtualNetworks/vnet-main/subnets/subnet-main",
            "name": "subnet-main",
            "private_endpoint_network_policies": "Disabled",
            "private_link_service_network_policies_enabled": true,
            "resource_group_name": "ai-search-rg",
            "service_endpoint_policy_ids": null,
            "service_endpoints": null,
            "timeouts": null,
            "virtual_network_name": "vnet-main"
          },
          "sensitive_attributes": [],
          "private": "eyJlMmJmYjczMC1lY2FhLTExZTYtOGY4OC0zNDM2M2JjN2M0YzAiOnsiY3JlYXRlIjoxODAwMDAwMDAwMDAwLCJkZWxldGUiOjE4MDAwMDAwMDAwMDAsInJlYWQiOjMwMDAwMDAwMDAwMCwidXBkYXRlIjoxODAwMDAwMDAwMDAwfX0=",
          "dependencies": [
            "azurerm_resource_group.main",
            "azurerm_virtual_network.main"
          ]
        }
      ]
    },
    {
      "mode": "managed",
      "type": "azurerm_subnet_network_security_group_association",
      "name": "assoc",
      "provider": "provider[\"registry.terraform.io/hashicorp/azurerm\"]",
      "instances": [
        {
          "schema_version": 0,
          "attributes": {
            "id": "/subscriptions/920641be-9518-4c9d-a350-af078444cea3/resourceGroups/ai-search-rg/providers/Microsoft.Network/virtualNetworks/vnet-main/subnets/subnet-main",
            "network_security_group_id": "/subscriptions/920641be-9518-4c9d-a350-af078444cea3/resourceGroups/ai-search-rg/providers/Microsoft.Network/networkSecurityGroups/web-nsg",
            "subnet_id": "/subscriptions/920641be-9518-4c9d-a350-af078444cea3/resourceGroups/ai-search-rg/providers/Microsoft.Network/virtualNetworks/vnet-main/subnets/subnet-main",
            "timeouts": null
          },
          "sensitive_attributes": [],
          "private": "eyJlMmJmYjczMC1lY2FhLTExZTYtOGY4OC0zNDM2M2JjN2M0YzAiOnsiY3JlYXRlIjoxODAwMDAwMDAwMDAwLCJkZWxldGUiOjE4MDAwMDAwMDAwMDAsInJlYWQiOjMwMDAwMDAwMDAwMH19",
          "dependencies": [
            "azurerm_network_security_group.web_nsg",
            "azurerm_resource_group.main",
            "azurerm_subnet.main",
            "azurerm_virtual_network.main"
          ]
        }
      ]
    },
    {
      "mode": "managed",
      "type": "azurerm_virtual_network",
      "name": "main",
      "provider": "provider[\"registry.terraform.io/hashicorp/azurerm\"]",
      "instances": [
        {
          "schema_version": 0,
          "attributes": {
            "address_space": [
              "10.0.0.0/16"
            ],
            "bgp_community": "",
            "ddos_protection_plan": [],
            "dns_servers": [],
            "edge_zone": "",
            "encryption": [],
            "flow_timeout_in_minutes": 0,
            "guid": "045bf83a-ce7b-426c-8a79-0d55a2fc3699",
            "id": "/subscriptions/920641be-9518-4c9d-a350-af078444cea3/resourceGroups/ai-search-rg/providers/Microsoft.Network/virtualNetworks/vnet-main",
            "location": "westeurope",
            "name": "vnet-main",
            "private_endpoint_vnet_policies": "Disabled",
            "resource_group_name": "ai-search-rg",
            "subnet": [],
            "tags": null,
            "timeouts": null
          },
          "sensitive_attributes": [],
          "private": "eyJlMmJmYjczMC1lY2FhLTExZTYtOGY4OC0zNDM2M2JjN2M0YzAiOnsiY3JlYXRlIjoxODAwMDAwMDAwMDAwLCJkZWxldGUiOjE4MDAwMDAwMDAwMDAsInJlYWQiOjMwMDAwMDAwMDAwMCwidXBkYXRlIjoxODAwMDAwMDAwMDAwfX0=",
          "dependencies": [
            "azurerm_resource_group.main"
          ]
        }
      ]
    }
  ],
  "check_results": null
}
